
Microsoft Visual Studio Solution File, Format Version 12.00
# Visual Studio Version 17
VisualStudioVersion = 17.13.35931.197 d17.13
MinimumVisualStudioVersion = 10.0.40219.1
Project("{FAE04EC0-301F-11D3-BF4B-00C04F79EFBC}") = "08_Aluno", "08_Aluno.csproj", "{D7755972-A4CB-4176-8F75-77198133DF1B}"
EndProject
Global
	GlobalSection(SolutionConfigurationPlatforms) = preSolution
		Debug|Any CPU = Debug|Any CPU
		Release|Any CPU = Release|Any CPU
	EndGlobalSection
	GlobalSection(ProjectConfigurationPlatforms) = postSolution
		{D7755972-A4CB-4176-8F75-77198133DF1B}.Debug|Any CPU.ActiveCfg = Debug|Any CPU
		{D7755972-A4CB-4176-8F75-77198133DF1B}.Debug|Any CPU.Build.0 = Debug|Any CPU
		{D7755972-A4CB-4176-8F75-77198133DF1B}.Release|Any CPU.ActiveCfg = Release|Any CPU
		{D7755972-A4CB-4176-8F75-77198133DF1B}.Release|Any CPU.Build.0 = Release|Any CPU
	EndGlobalSection
	GlobalSection(SolutionProperties) = preSolution
		HideSolutionNode = FALSE
	EndGlobalSection
	GlobalSection(ExtensibilityGlobals) = postSolution
		SolutionGuid = {470599E9-5BA4-442F-B053-3D5033169F47}
	EndGlobalSection
EndGlobal
