
Microsoft Visual Studio Solution File, Format Version 12.00
# Visual Studio Version 17
VisualStudioVersion = 17.13.35931.197 d17.13
MinimumVisualStudioVersion = 10.0.40219.1
Project("{FAE04EC0-301F-11D3-BF4B-00C04F79EFBC}") = "05_ProrpiedadesAposNet9", "05_ProrpiedadesAposNet9.csproj", "{AB802199-E5BE-44B9-BEE9-37007603471F}"
EndProject
Global
	GlobalSection(SolutionConfigurationPlatforms) = preSolution
		Debug|Any CPU = Debug|Any CPU
		Release|Any CPU = Release|Any CPU
	EndGlobalSection
	GlobalSection(ProjectConfigurationPlatforms) = postSolution
		{AB802199-E5BE-44B9-BEE9-37007603471F}.Debug|Any CPU.ActiveCfg = Debug|Any CPU
		{AB802199-E5BE-44B9-BEE9-37007603471F}.Debug|Any CPU.Build.0 = Debug|Any CPU
		{AB802199-E5BE-44B9-BEE9-37007603471F}.Release|Any CPU.ActiveCfg = Release|Any CPU
		{AB802199-E5BE-44B9-BEE9-37007603471F}.Release|Any CPU.Build.0 = Release|Any CPU
	EndGlobalSection
	GlobalSection(SolutionProperties) = preSolution
		HideSolutionNode = FALSE
	EndGlobalSection
	GlobalSection(ExtensibilityGlobals) = postSolution
		SolutionGuid = {D903A806-81AD-482C-A4A8-C7584D247CD0}
	EndGlobalSection
EndGlobal
